
Microsoft Visual Studio Solution File, Format Version 12.00
# Visual Studio Version 17
VisualStudioVersion = 17.6.33712.159
MinimumVisualStudioVersion = 10.0.40219.1
Project("{FAE04EC0-301F-11D3-BF4B-00C04F79EFBC}") = "GestionProyectosTareas", "GestionProyectosTareas\GestionProyectosTareas.csproj", "{9AEB87C8-048F-4B40-91B6-465E897D6B81}"
EndProject
Global
	GlobalSection(SolutionConfigurationPlatforms) = preSolution
		Debug|Any CPU = Debug|Any CPU
		Release|Any CPU = Release|Any CPU
	EndGlobalSection
	GlobalSection(ProjectConfigurationPlatforms) = postSolution
		{9AEB87C8-048F-4B40-91B6-465E897D6B81}.Debug|Any CPU.ActiveCfg = Debug|Any CPU
		{9AEB87C8-048F-4B40-91B6-465E897D6B81}.Debug|Any CPU.Build.0 = Debug|Any CPU
		{9AEB87C8-048F-4B40-91B6-465E897D6B81}.Release|Any CPU.ActiveCfg = Release|Any CPU
		{9AEB87C8-048F-4B40-91B6-465E897D6B81}.Release|Any CPU.Build.0 = Release|Any CPU
	EndGlobalSection
	GlobalSection(SolutionProperties) = preSolution
		HideSolutionNode = FALSE
	EndGlobalSection
	GlobalSection(ExtensibilityGlobals) = postSolution
		SolutionGuid = {291E7A79-AC8B-4FF6-8459-604F6687F652}
	EndGlobalSection
EndGlobal
